
Microsoft Visual Studio Solution File, Format Version 12.00
# Visual Studio Version 16
VisualStudioVersion = 16.0.31205.134
MinimumVisualStudioVersion = 10.0.40219.1
Project("{9A19103F-16F7-4668-BE54-9A1E7A4F7556}") = "Vezba1", "Vezba1\Vezba1.csproj", "{FA44E766-8CE1-4DE8-8F98-07281796A483}"
EndProject
Project("{2150E333-8FDC-42A3-9474-1A3956D46DE8}") = "Vezba(1)", "Vezba(1)", "{92939031-0DC9-4B1A-A0DC-7B151F646021}"
EndProject
Project("{9A19103F-16F7-4668-BE54-9A1E7A4F7556}") = "ClassLibrary(Vezba1)", "ClassLibrary(Vezba1)\ClassLibrary(Vezba1).csproj", "{977EB42A-46D1-4F25-A438-30C0C60D344F}"
EndProject
Project("{2150E333-8FDC-42A3-9474-1A3956D46DE8}") = "Vezba(2)", "Vezba(2)", "{BFEE62CE-BAF8-4AF6-9C30-9CDA1870B4B7}"
EndProject
Project("{9A19103F-16F7-4668-BE54-9A1E7A4F7556}") = "Vezba2", "Vezba2\Vezba2.csproj", "{D822B91C-DE72-40BB-844D-30705E801914}"
EndProject
Project("{9A19103F-16F7-4668-BE54-9A1E7A4F7556}") = "ClassLibrary(Vezba2)", "ClassLibrary(Vezba2)\ClassLibrary(Vezba2).csproj", "{70522BDD-B6E0-4BC1-BA60-4F082FDE4A53}"
EndProject
Project("{2150E333-8FDC-42A3-9474-1A3956D46DE8}") = "Vezba(3)", "Vezba(3)", "{86815DE0-AF83-49DE-AAB7-AF790EBFF546}"
EndProject
Project("{9A19103F-16F7-4668-BE54-9A1E7A4F7556}") = "Vezba3", "Vezba3\Vezba3.csproj", "{E65DBA15-30C9-4B15-AF7D-D7FACC1F8A07}"
EndProject
Project("{9A19103F-16F7-4668-BE54-9A1E7A4F7556}") = "ClassLibrary(Vezba3)", "ClassLibrary(Vezba3)\ClassLibrary(Vezba3).csproj", "{24B05403-EAF1-45D0-99DE-6BF3EC75909A}"
EndProject
Project("{2150E333-8FDC-42A3-9474-1A3956D46DE8}") = "Vezba(4)", "Vezba(4)", "{B1E5B825-643C-4D78-8201-F8B65D3EBE0E}"
EndProject
Project("{9A19103F-16F7-4668-BE54-9A1E7A4F7556}") = "Vezba4", "Vezba4\Vezba4.csproj", "{5453FDF6-84C7-497A-BCDE-32B31E9C9829}"
EndProject
Project("{9A19103F-16F7-4668-BE54-9A1E7A4F7556}") = "ClassLibrary(Vezba4)", "ClassLibrary(Vezba4)\ClassLibrary(Vezba4).csproj", "{8BB82C6D-0CED-467A-909A-C4D15FD0D3D1}"
EndProject
Project("{2150E333-8FDC-42A3-9474-1A3956D46DE8}") = "Vezba(5)", "Vezba(5)", "{91940D64-388B-4DF1-BDD0-42884F2A3BE4}"
EndProject
Project("{FAE04EC0-301F-11D3-BF4B-00C04F79EFBC}") = "Vezba5", "Vezba5\Vezba5.csproj", "{E7E9AEDE-84E9-4921-A6DE-E16B603D1AE3}"
EndProject
Project("{FAE04EC0-301F-11D3-BF4B-00C04F79EFBC}") = "ClassLibrary(Vezba5)", "ClassLibrary(Vezba5)\ClassLibrary(Vezba5).csproj", "{786BF158-4389-4353-916A-7C746AEE1982}"
EndProject
Global
	GlobalSection(SolutionConfigurationPlatforms) = preSolution
		Debug|Any CPU = Debug|Any CPU
		Release|Any CPU = Release|Any CPU
	EndGlobalSection
	GlobalSection(ProjectConfigurationPlatforms) = postSolution
		{FA44E766-8CE1-4DE8-8F98-07281796A483}.Debug|Any CPU.ActiveCfg = Debug|Any CPU
		{FA44E766-8CE1-4DE8-8F98-07281796A483}.Debug|Any CPU.Build.0 = Debug|Any CPU
		{FA44E766-8CE1-4DE8-8F98-07281796A483}.Release|Any CPU.ActiveCfg = Release|Any CPU
		{FA44E766-8CE1-4DE8-8F98-07281796A483}.Release|Any CPU.Build.0 = Release|Any CPU
		{977EB42A-46D1-4F25-A438-30C0C60D344F}.Debug|Any CPU.ActiveCfg = Debug|Any CPU
		{977EB42A-46D1-4F25-A438-30C0C60D344F}.Debug|Any CPU.Build.0 = Debug|Any CPU
		{977EB42A-46D1-4F25-A438-30C0C60D344F}.Release|Any CPU.ActiveCfg = Release|Any CPU
		{977EB42A-46D1-4F25-A438-30C0C60D344F}.Release|Any CPU.Build.0 = Release|Any CPU
		{D822B91C-DE72-40BB-844D-30705E801914}.Debug|Any CPU.ActiveCfg = Debug|Any CPU
		{D822B91C-DE72-40BB-844D-30705E801914}.Debug|Any CPU.Build.0 = Debug|Any CPU
		{D822B91C-DE72-40BB-844D-30705E801914}.Release|Any CPU.ActiveCfg = Release|Any CPU
		{D822B91C-DE72-40BB-844D-30705E801914}.Release|Any CPU.Build.0 = Release|Any CPU
		{70522BDD-B6E0-4BC1-BA60-4F082FDE4A53}.Debug|Any CPU.ActiveCfg = Debug|Any CPU
		{70522BDD-B6E0-4BC1-BA60-4F082FDE4A53}.Debug|Any CPU.Build.0 = Debug|Any CPU
		{70522BDD-B6E0-4BC1-BA60-4F082FDE4A53}.Release|Any CPU.ActiveCfg = Release|Any CPU
		{70522BDD-B6E0-4BC1-BA60-4F082FDE4A53}.Release|Any CPU.Build.0 = Release|Any CPU
		{E65DBA15-30C9-4B15-AF7D-D7FACC1F8A07}.Debug|Any CPU.ActiveCfg = Debug|Any CPU
		{E65DBA15-30C9-4B15-AF7D-D7FACC1F8A07}.Debug|Any CPU.Build.0 = Debug|Any CPU
		{E65DBA15-30C9-4B15-AF7D-D7FACC1F8A07}.Release|Any CPU.ActiveCfg = Release|Any CPU
		{E65DBA15-30C9-4B15-AF7D-D7FACC1F8A07}.Release|Any CPU.Build.0 = Release|Any CPU
		{24B05403-EAF1-45D0-99DE-6BF3EC75909A}.Debug|Any CPU.ActiveCfg = Debug|Any CPU
		{24B05403-EAF1-45D0-99DE-6BF3EC75909A}.Debug|Any CPU.Build.0 = Debug|Any CPU
		{24B05403-EAF1-45D0-99DE-6BF3EC75909A}.Release|Any CPU.ActiveCfg = Release|Any CPU
		{24B05403-EAF1-45D0-99DE-6BF3EC75909A}.Release|Any CPU.Build.0 = Release|Any CPU
		{5453FDF6-84C7-497A-BCDE-32B31E9C9829}.Debug|Any CPU.ActiveCfg = Debug|Any CPU
		{5453FDF6-84C7-497A-BCDE-32B31E9C9829}.Debug|Any CPU.Build.0 = Debug|Any CPU
		{5453FDF6-84C7-497A-BCDE-32B31E9C9829}.Release|Any CPU.ActiveCfg = Release|Any CPU
		{5453FDF6-84C7-497A-BCDE-32B31E9C9829}.Release|Any CPU.Build.0 = Release|Any CPU
		{8BB82C6D-0CED-467A-909A-C4D15FD0D3D1}.Debug|Any CPU.ActiveCfg = Debug|Any CPU
		{8BB82C6D-0CED-467A-909A-C4D15FD0D3D1}.Debug|Any CPU.Build.0 = Debug|Any CPU
		{8BB82C6D-0CED-467A-909A-C4D15FD0D3D1}.Release|Any CPU.ActiveCfg = Release|Any CPU
		{8BB82C6D-0CED-467A-909A-C4D15FD0D3D1}.Release|Any CPU.Build.0 = Release|Any CPU
		{E7E9AEDE-84E9-4921-A6DE-E16B603D1AE3}.Debug|Any CPU.ActiveCfg = Debug|Any CPU
		{E7E9AEDE-84E9-4921-A6DE-E16B603D1AE3}.Debug|Any CPU.Build.0 = Debug|Any CPU
		{E7E9AEDE-84E9-4921-A6DE-E16B603D1AE3}.Release|Any CPU.ActiveCfg = Release|Any CPU
		{E7E9AEDE-84E9-4921-A6DE-E16B603D1AE3}.Release|Any CPU.Build.0 = Release|Any CPU
		{786BF158-4389-4353-916A-7C746AEE1982}.Debug|Any CPU.ActiveCfg = Debug|Any CPU
		{786BF158-4389-4353-916A-7C746AEE1982}.Debug|Any CPU.Build.0 = Debug|Any CPU
		{786BF158-4389-4353-916A-7C746AEE1982}.Release|Any CPU.ActiveCfg = Release|Any CPU
		{786BF158-4389-4353-916A-7C746AEE1982}.Release|Any CPU.Build.0 = Release|Any CPU
	EndGlobalSection
	GlobalSection(SolutionProperties) = preSolution
		HideSolutionNode = FALSE
	EndGlobalSection
	GlobalSection(NestedProjects) = preSolution
		{FA44E766-8CE1-4DE8-8F98-07281796A483} = {92939031-0DC9-4B1A-A0DC-7B151F646021}
		{977EB42A-46D1-4F25-A438-30C0C60D344F} = {92939031-0DC9-4B1A-A0DC-7B151F646021}
		{D822B91C-DE72-40BB-844D-30705E801914} = {BFEE62CE-BAF8-4AF6-9C30-9CDA1870B4B7}
		{70522BDD-B6E0-4BC1-BA60-4F082FDE4A53} = {BFEE62CE-BAF8-4AF6-9C30-9CDA1870B4B7}
		{E65DBA15-30C9-4B15-AF7D-D7FACC1F8A07} = {86815DE0-AF83-49DE-AAB7-AF790EBFF546}
		{24B05403-EAF1-45D0-99DE-6BF3EC75909A} = {86815DE0-AF83-49DE-AAB7-AF790EBFF546}
		{5453FDF6-84C7-497A-BCDE-32B31E9C9829} = {B1E5B825-643C-4D78-8201-F8B65D3EBE0E}
		{8BB82C6D-0CED-467A-909A-C4D15FD0D3D1} = {B1E5B825-643C-4D78-8201-F8B65D3EBE0E}
		{E7E9AEDE-84E9-4921-A6DE-E16B603D1AE3} = {91940D64-388B-4DF1-BDD0-42884F2A3BE4}
		{786BF158-4389-4353-916A-7C746AEE1982} = {91940D64-388B-4DF1-BDD0-42884F2A3BE4}
	EndGlobalSection
	GlobalSection(ExtensibilityGlobals) = postSolution
		SolutionGuid = {698E086D-F0AF-4285-ACA5-F5860734AA78}
	EndGlobalSection
EndGlobal
